// !$*UTF8*$!
{
	archiveVersion = 1;
	classes = {
	};
	objectVersion = 46;
	objects = {

/* Begin PBXBuildFile section */
		967E7F3A19A2C7B1006E7330 /* Foundation.framework in Frameworks */ = {isa = PBXBuildFile; fileRef = 967E7F3919A2C7B1006E7330 /* Foundation.framework */; };
		967E7F3C19A2C7B1006E7330 /* CoreGraphics.framework in Frameworks */ = {isa = PBXBuildFile; fileRef = 967E7F3B19A2C7B1006E7330 /* CoreGraphics.framework */; };
		967E7F3E19A2C7B1006E7330 /* UIKit.framework in Frameworks */ = {isa = PBXBuildFile; fileRef = 967E7F3D19A2C7B1006E7330 /* UIKit.framework */; };
		967E7F4419A2C7B1006E7330 /* InfoPlist.strings in Resources */ = {isa = PBXBuildFile; fileRef = 967E7F4219A2C7B1006E7330 /* InfoPlist.strings */; };
		967E7F4619A2C7B1006E7330 /* main.m in Sources */ = {isa = PBXBuildFile; fileRef = 967E7F4519A2C7B1006E7330 /* main.m */; };
		967E7F4A19A2C7B1006E7330 /* AppDelegate.m in Sources */ = {isa = PBXBuildFile; fileRef = 967E7F4919A2C7B1006E7330 /* AppDelegate.m */; };
		967E7F4D19A2C7B1006E7330 /* Main.storyboard in Resources */ = {isa = PBXBuildFile; fileRef = 967E7F4B19A2C7B1006E7330 /* Main.storyboard */; };
		967E7F5019A2C7B1006E7330 /* ViewController.m in Sources */ = {isa = PBXBuildFile; fileRef = 967E7F4F19A2C7B1006E7330 /* ViewController.m */; };
		967E7F5219A2C7B1006E7330 /* Images.xcassets in Resources */ = {isa = PBXBuildFile; fileRef = 967E7F5119A2C7B1006E7330 /* Images.xcassets */; };
		967E7F5919A2C7B1006E7330 /* XCTest.framework in Frameworks */ = {isa = PBXBuildFile; fileRef = 967E7F5819A2C7B1006E7330 /* XCTest.framework */; };
		967E7F5A19A2C7B1006E7330 /* Foundation.framework in Frameworks */ = {isa = PBXBuildFile; fileRef = 967E7F3919A2C7B1006E7330 /* Foundation.framework */; };
		967E7F5B19A2C7B1006E7330 /* UIKit.framework in Frameworks */ = {isa = PBXBuildFile; fileRef = 967E7F3D19A2C7B1006E7330 /* UIKit.framework */; };
		967E7F6319A2C7B1006E7330 /* InfoPlist.strings in Resources */ = {isa = PBXBuildFile; fileRef = 967E7F6119A2C7B1006E7330 /* InfoPlist.strings */; };
		967E7F6519A2C7B1006E7330 /* InstagramTests.m in Sources */ = {isa = PBXBuildFile; fileRef = 967E7F6419A2C7B1006E7330 /* InstagramTests.m */; };
		967E7F6F19A2CA59006E7330 /* AudioToolbox.framework in Frameworks */ = {isa = PBXBuildFile; fileRef = 967E7F6E19A2CA59006E7330 /* AudioToolbox.framework */; };
		967E7F7119A2CA63006E7330 /* CFNetwork.framework in Frameworks */ = {isa = PBXBuildFile; fileRef = 967E7F7019A2CA63006E7330 /* CFNetwork.framework */; };
		967E7F7319A2CA70006E7330 /* libz.dylib in Frameworks */ = {isa = PBXBuildFile; fileRef = 967E7F7219A2CA70006E7330 /* libz.dylib */; };
		967E7F7519A2CA7A006E7330 /* MobileCoreServices.framework in Frameworks */ = {isa = PBXBuildFile; fileRef = 967E7F7419A2CA7A006E7330 /* MobileCoreServices.framework */; };
		967E7F7719A2CA88006E7330 /* QuartzCore.framework in Frameworks */ = {isa = PBXBuildFile; fileRef = 967E7F7619A2CA88006E7330 /* QuartzCore.framework */; };
		967E7F7919A2CA90006E7330 /* Security.framework in Frameworks */ = {isa = PBXBuildFile; fileRef = 967E7F7819A2CA90006E7330 /* Security.framework */; };
		967E7F7B19A2CA98006E7330 /* StoreKit.framework in Frameworks */ = {isa = PBXBuildFile; fileRef = 967E7F7A19A2CA98006E7330 /* StoreKit.framework */; };
		967E7F7D19A2CAA5006E7330 /* SystemConfiguration.framework in Frameworks */ = {isa = PBXBuildFile; fileRef = 967E7F7C19A2CAA5006E7330 /* SystemConfiguration.framework */; };
		967E7F7F19A2CAB1006E7330 /* Social.framework in Frameworks */ = {isa = PBXBuildFile; fileRef = 967E7F7E19A2CAB1006E7330 /* Social.framework */; };
		967E7F8119A2CABA006E7330 /* AdSupport.framework in Frameworks */ = {isa = PBXBuildFile; fileRef = 967E7F8019A2CABA006E7330 /* AdSupport.framework */; };
		967E7F8319A2CAC4006E7330 /* Accounts.framework in Frameworks */ = {isa = PBXBuildFile; fileRef = 967E7F8219A2CAC4006E7330 /* Accounts.framework */; };
		967E7F8519A2CACE006E7330 /* CoreLocation.framework in Frameworks */ = {isa = PBXBuildFile; fileRef = 967E7F8419A2CACE006E7330 /* CoreLocation.framework */; };
		967E7F8719A2CADF006E7330 /* Parse.framework in Frameworks */ = {isa = PBXBuildFile; fileRef = 967E7F8619A2CADF006E7330 /* Parse.framework */; };
		96A6F4FA19A2F7BD007EEC74 /* LoginViewController.m in Sources */ = {isa = PBXBuildFile; fileRef = 96A6F4F919A2F7BD007EEC74 /* LoginViewController.m */; };
/* End PBXBuildFile section */

/* Begin PBXContainerItemProxy section */
		967E7F5C19A2C7B1006E7330 /* PBXContainerItemProxy */ = {
			isa = PBXContainerItemProxy;
			containerPortal = 967E7F2E19A2C7B1006E7330 /* Project object */;
			proxyType = 1;
			remoteGlobalIDString = 967E7F3519A2C7B1006E7330;
			remoteInfo = Instagram;
		};
/* End PBXContainerItemProxy section */

/* Begin PBXFileReference section */
		967E7F3619A2C7B1006E7330 /* Instagram.app */ = {isa = PBXFileReference; explicitFileType = wrapper.application; includeInIndex = 0; path = Instagram.app; sourceTree = BUILT_PRODUCTS_DIR; };
		967E7F3919A2C7B1006E7330 /* Foundation.framework */ = {isa = PBXFileReference; lastKnownFileType = wrapper.framework; name = Foundation.framework; path = System/Library/Frameworks/Foundation.framework; sourceTree = SDKROOT; };
		967E7F3B19A2C7B1006E7330 /* CoreGraphics.framework */ = {isa = PBXFileReference; lastKnownFileType = wrapper.framework; name = CoreGraphics.framework; path = System/Library/Frameworks/CoreGraphics.framework; sourceTree = SDKROOT; };
		967E7F3D19A2C7B1006E7330 /* UIKit.framework */ = {isa = PBXFileReference; lastKnownFileType = wrapper.framework; name = UIKit.framework; path = System/Library/Frameworks/UIKit.framework; sourceTree = SDKROOT; };
		967E7F4119A2C7B1006E7330 /* Instagram-Info.plist */ = {isa = PBXFileReference; lastKnownFileType = text.plist.xml; path = "Instagram-Info.plist"; sourceTree = "<group>"; };
		967E7F4319A2C7B1006E7330 /* en */ = {isa = PBXFileReference; lastKnownFileType = text.plist.strings; name = en; path = en.lproj/InfoPlist.strings; sourceTree = "<group>"; };
		967E7F4519A2C7B1006E7330 /* main.m */ = {isa = PBXFileReference; lastKnownFileType = sourcecode.c.objc; path = main.m; sourceTree = "<group>"; };
		967E7F4719A2C7B1006E7330 /* Instagram-Prefix.pch */ = {isa = PBXFileReference; lastKnownFileType = sourcecode.c.h; path = "Instagram-Prefix.pch"; sourceTree = "<group>"; };
		967E7F4819A2C7B1006E7330 /* AppDelegate.h */ = {isa = PBXFileReference; lastKnownFileType = sourcecode.c.h; path = AppDelegate.h; sourceTree = "<group>"; };
		967E7F4919A2C7B1006E7330 /* AppDelegate.m */ = {isa = PBXFileReference; lastKnownFileType = sourcecode.c.objc; path = AppDelegate.m; sourceTree = "<group>"; };
		967E7F4C19A2C7B1006E7330 /* Base */ = {isa = PBXFileReference; lastKnownFileType = file.storyboard; name = Base; path = Base.lproj/Main.storyboard; sourceTree = "<group>"; };
		967E7F4E19A2C7B1006E7330 /* ViewController.h */ = {isa = PBXFileReference; lastKnownFileType = sourcecode.c.h; path = ViewController.h; sourceTree = "<group>"; };
		967E7F4F19A2C7B1006E7330 /* ViewController.m */ = {isa = PBXFileReference; lastKnownFileType = sourcecode.c.objc; path = ViewController.m; sourceTree = "<group>"; };
		967E7F5119A2C7B1006E7330 /* Images.xcassets */ = {isa = PBXFileReference; lastKnownFileType = folder.assetcatalog; path = Images.xcassets; sourceTree = "<group>"; };
		967E7F5719A2C7B1006E7330 /* InstagramTests.xctest */ = {isa = PBXFileReference; explicitFileType = wrapper.cfbundle; includeInIndex = 0; path = InstagramTests.xctest; sourceTree = BUILT_PRODUCTS_DIR; };
		967E7F5819A2C7B1006E7330 /* XCTest.framework */ = {isa = PBXFileReference; lastKnownFileType = wrapper.framework; name = XCTest.framework; path = Library/Frameworks/XCTest.framework; sourceTree = DEVELOPER_DIR; };
		967E7F6019A2C7B1006E7330 /* InstagramTests-Info.plist */ = {isa = PBXFileReference; lastKnownFileType = text.plist.xml; path = "InstagramTests-Info.plist"; sourceTree = "<group>"; };
		967E7F6219A2C7B1006E7330 /* en */ = {isa = PBXFileReference; lastKnownFileType = text.plist.strings; name = en; path = en.lproj/InfoPlist.strings; sourceTree = "<group>"; };
		967E7F6419A2C7B1006E7330 /* InstagramTests.m */ = {isa = PBXFileReference; lastKnownFileType = sourcecode.c.objc; path = InstagramTests.m; sourceTree = "<group>"; };
		967E7F6E19A2CA59006E7330 /* AudioToolbox.framework */ = {isa = PBXFileReference; lastKnownFileType = wrapper.framework; name = AudioToolbox.framework; path = System/Library/Frameworks/AudioToolbox.framework; sourceTree = SDKROOT; };
		967E7F7019A2CA63006E7330 /* CFNetwork.framework */ = {isa = PBXFileReference; lastKnownFileType = wrapper.framework; name = CFNetwork.framework; path = System/Library/Frameworks/CFNetwork.framework; sourceTree = SDKROOT; };
		967E7F7219A2CA70006E7330 /* libz.dylib */ = {isa = PBXFileReference; lastKnownFileType = "compiled.mach-o.dylib"; name = libz.dylib; path = usr/lib/libz.dylib; sourceTree = SDKROOT; };
		967E7F7419A2CA7A006E7330 /* MobileCoreServices.framework */ = {isa = PBXFileReference; lastKnownFileType = wrapper.framework; name = MobileCoreServices.framework; path = System/Library/Frameworks/MobileCoreServices.framework; sourceTree = SDKROOT; };
		967E7F7619A2CA88006E7330 /* QuartzCore.framework */ = {isa = PBXFileReference; lastKnownFileType = wrapper.framework; name = QuartzCore.framework; path = System/Library/Frameworks/QuartzCore.framework; sourceTree = SDKROOT; };
		967E7F7819A2CA90006E7330 /* Security.framework */ = {isa = PBXFileReference; lastKnownFileType = wrapper.framework; name = Security.framework; path = System/Library/Frameworks/Security.framework; sourceTree = SDKROOT; };
		967E7F7A19A2CA98006E7330 /* StoreKit.framework */ = {isa = PBXFileReference; lastKnownFileType = wrapper.framework; name = StoreKit.framework; path = System/Library/Frameworks/StoreKit.framework; sourceTree = SDKROOT; };
		967E7F7C19A2CAA5006E7330 /* SystemConfiguration.framework */ = {isa = PBXFileReference; lastKnownFileType = wrapper.framework; name = SystemConfiguration.framework; path = System/Library/Frameworks/SystemConfiguration.framework; sourceTree = SDKROOT; };
		967E7F7E19A2CAB1006E7330 /* Social.framework */ = {isa = PBXFileReference; lastKnownFileType = wrapper.framework; name = Social.framework; path = System/Library/Frameworks/Social.framework; sourceTree = SDKROOT; };
		967E7F8019A2CABA006E7330 /* AdSupport.framework */ = {isa = PBXFileReference; lastKnownFileType = wrapper.framework; name = AdSupport.framework; path = System/Library/Frameworks/AdSupport.framework; sourceTree = SDKROOT; };
		967E7F8219A2CAC4006E7330 /* Accounts.framework */ = {isa = PBXFileReference; lastKnownFileType = wrapper.framework; name = Accounts.framework; path = System/Library/Frameworks/Accounts.framework; sourceTree = SDKROOT; };
		967E7F8419A2CACE006E7330 /* CoreLocation.framework */ = {isa = PBXFileReference; lastKnownFileType = wrapper.framework; name = CoreLocation.framework; path = System/Library/Frameworks/CoreLocation.framework; sourceTree = SDKROOT; };
		967E7F8619A2CADF006E7330 /* Parse.framework */ = {isa = PBXFileReference; lastKnownFileType = wrapper.framework; path = Parse.framework; sourceTree = "<group>"; };
		96A6F4F819A2F7BD007EEC74 /* LoginViewController.h */ = {isa = PBXFileReference; fileEncoding = 4; lastKnownFileType = sourcecode.c.h; path = LoginViewController.h; sourceTree = "<group>"; };
		96A6F4F919A2F7BD007EEC74 /* LoginViewController.m */ = {isa = PBXFileReference; fileEncoding = 4; lastKnownFileType = sourcecode.c.objc; path = LoginViewController.m; sourceTree = "<group>"; };
/* End PBXFileReference section */

/* Begin PBXFrameworksBuildPhase section */
		967E7F3319A2C7B1006E7330 /* Frameworks */ = {
			isa = PBXFrameworksBuildPhase;
			buildActionMask = 2147483647;
			files = (
				967E7F8519A2CACE006E7330 /* CoreLocation.framework in Frameworks */,
				967E7F8319A2CAC4006E7330 /* Accounts.framework in Frameworks */,
				967E7F8119A2CABA006E7330 /* AdSupport.framework in Frameworks */,
				967E7F7F19A2CAB1006E7330 /* Social.framework in Frameworks */,
				967E7F7D19A2CAA5006E7330 /* SystemConfiguration.framework in Frameworks */,
				967E7F7B19A2CA98006E7330 /* StoreKit.framework in Frameworks */,
				967E7F8719A2CADF006E7330 /* Parse.framework in Frameworks */,
				967E7F7919A2CA90006E7330 /* Security.framework in Frameworks */,
				967E7F7719A2CA88006E7330 /* QuartzCore.framework in Frameworks */,
				967E7F7519A2CA7A006E7330 /* MobileCoreServices.framework in Frameworks */,
				967E7F7319A2CA70006E7330 /* libz.dylib in Frameworks */,
				967E7F7119A2CA63006E7330 /* CFNetwork.framework in Frameworks */,
				967E7F6F19A2CA59006E7330 /* AudioToolbox.framework in Frameworks */,
				967E7F3C19A2C7B1006E7330 /* CoreGraphics.framework in Frameworks */,
				967E7F3E19A2C7B1006E7330 /* UIKit.framework in Frameworks */,
				967E7F3A19A2C7B1006E7330 /* Foundation.framework in Frameworks */,
			);
			runOnlyForDeploymentPostprocessing = 0;
		};
		967E7F5419A2C7B1006E7330 /* Frameworks */ = {
			isa = PBXFrameworksBuildPhase;
			buildActionMask = 2147483647;
			files = (
				967E7F5919A2C7B1006E7330 /* XCTest.framework in Frameworks */,
				967E7F5B19A2C7B1006E7330 /* UIKit.framework in Frameworks */,
				967E7F5A19A2C7B1006E7330 /* Foundation.framework in Frameworks */,
			);
			runOnlyForDeploymentPostprocessing = 0;
		};
/* End PBXFrameworksBuildPhase section */

/* Begin PBXGroup section */
		967E7F2D19A2C7B1006E7330 = {
			isa = PBXGroup;
			children = (
				967E7F3F19A2C7B1006E7330 /* Instagram */,
				967E7F5E19A2C7B1006E7330 /* InstagramTests */,
				967E7F3819A2C7B1006E7330 /* Frameworks */,
				967E7F3719A2C7B1006E7330 /* Products */,
			);
			sourceTree = "<group>";
		};
		967E7F3719A2C7B1006E7330 /* Products */ = {
			isa = PBXGroup;
			children = (
				967E7F3619A2C7B1006E7330 /* Instagram.app */,
				967E7F5719A2C7B1006E7330 /* InstagramTests.xctest */,
			);
			name = Products;
			sourceTree = "<group>";
		};
		967E7F3819A2C7B1006E7330 /* Frameworks */ = {
			isa = PBXGroup;
			children = (
				967E7F8419A2CACE006E7330 /* CoreLocation.framework */,
				967E7F8219A2CAC4006E7330 /* Accounts.framework */,
				967E7F8019A2CABA006E7330 /* AdSupport.framework */,
				967E7F7E19A2CAB1006E7330 /* Social.framework */,
				967E7F7C19A2CAA5006E7330 /* SystemConfiguration.framework */,
				967E7F7A19A2CA98006E7330 /* StoreKit.framework */,
				967E7F7819A2CA90006E7330 /* Security.framework */,
				967E7F7619A2CA88006E7330 /* QuartzCore.framework */,
				967E7F7419A2CA7A006E7330 /* MobileCoreServices.framework */,
				967E7F7219A2CA70006E7330 /* libz.dylib */,
				967E7F7019A2CA63006E7330 /* CFNetwork.framework */,
				967E7F6E19A2CA59006E7330 /* AudioToolbox.framework */,
				967E7F3919A2C7B1006E7330 /* Foundation.framework */,
				967E7F3B19A2C7B1006E7330 /* CoreGraphics.framework */,
				967E7F3D19A2C7B1006E7330 /* UIKit.framework */,
				967E7F5819A2C7B1006E7330 /* XCTest.framework */,
			);
			name = Frameworks;
			sourceTree = "<group>";
		};
		967E7F3F19A2C7B1006E7330 /* Instagram */ = {
			isa = PBXGroup;
			children = (
				967E7F4819A2C7B1006E7330 /* AppDelegate.h */,
				967E7F4919A2C7B1006E7330 /* AppDelegate.m */,
				967E7F4B19A2C7B1006E7330 /* Main.storyboard */,
				967E7F4E19A2C7B1006E7330 /* ViewController.h */,
				967E7F4F19A2C7B1006E7330 /* ViewController.m */,
				96A6F4F819A2F7BD007EEC74 /* LoginViewController.h */,
				96A6F4F919A2F7BD007EEC74 /* LoginViewController.m */,
				967E7F5119A2C7B1006E7330 /* Images.xcassets */,
				967E7F4019A2C7B1006E7330 /* Supporting Files */,
			);
			path = Instagram;
			sourceTree = "<group>";
		};
		967E7F4019A2C7B1006E7330 /* Supporting Files */ = {
			isa = PBXGroup;
			children = (
				967E7F8619A2CADF006E7330 /* Parse.framework */,
				967E7F4119A2C7B1006E7330 /* Instagram-Info.plist */,
				967E7F4219A2C7B1006E7330 /* InfoPlist.strings */,
				967E7F4519A2C7B1006E7330 /* main.m */,
				967E7F4719A2C7B1006E7330 /* Instagram-Prefix.pch */,
			);
			name = "Supporting Files";
			sourceTree = "<group>";
		};
		967E7F5E19A2C7B1006E7330 /* InstagramTests */ = {
			isa = PBXGroup;
			children = (
				967E7F6419A2C7B1006E7330 /* InstagramTests.m */,
				967E7F5F19A2C7B1006E7330 /* Supporting Files */,
			);
			path = InstagramTests;
			sourceTree = "<group>";
		};
		967E7F5F19A2C7B1006E7330 /* Supporting Files */ = {
			isa = PBXGroup;
			children = (
				967E7F6019A2C7B1006E7330 /* InstagramTests-Info.plist */,
				967E7F6119A2C7B1006E7330 /* InfoPlist.strings */,
			);
			name = "Supporting Files";
			sourceTree = "<group>";
		};
/* End PBXGroup section */

/* Begin PBXNativeTarget section */
		967E7F3519A2C7B1006E7330 /* Instagram */ = {
			isa = PBXNativeTarget;
			buildConfigurationList = 967E7F6819A2C7B1006E7330 /* Build configuration list for PBXNativeTarget "Instagram" */;
			buildPhases = (
				967E7F3219A2C7B1006E7330 /* Sources */,
				967E7F3319A2C7B1006E7330 /* Frameworks */,
				967E7F3419A2C7B1006E7330 /* Resources */,
			);
			buildRules = (
			);
			dependencies = (
			);
			name = Instagram;
			productName = Instagram;
			productReference = 967E7F3619A2C7B1006E7330 /* Instagram.app */;
			productType = "com.apple.product-type.application";
		};
		967E7F5619A2C7B1006E7330 /* InstagramTests */ = {
			isa = PBXNativeTarget;
			buildConfigurationList = 967E7F6B19A2C7B1006E7330 /* Build configuration list for PBXNativeTarget "InstagramTests" */;
			buildPhases = (
				967E7F5319A2C7B1006E7330 /* Sources */,
				967E7F5419A2C7B1006E7330 /* Frameworks */,
				967E7F5519A2C7B1006E7330 /* Resources */,
			);
			buildRules = (
			);
			dependencies = (
				967E7F5D19A2C7B1006E7330 /* PBXTargetDependency */,
			);
			name = InstagramTests;
			productName = InstagramTests;
			productReference = 967E7F5719A2C7B1006E7330 /* InstagramTests.xctest */;
			productType = "com.apple.product-type.bundle.unit-test";
		};
/* End PBXNativeTarget section */

/* Begin PBXProject section */
		967E7F2E19A2C7B1006E7330 /* Project object */ = {
			isa = PBXProject;
			attributes = {
				LastUpgradeCheck = 0510;
				ORGANIZATIONNAME = "mobile makers";
				TargetAttributes = {
					967E7F5619A2C7B1006E7330 = {
						TestTargetID = 967E7F3519A2C7B1006E7330;
					};
				};
			};
			buildConfigurationList = 967E7F3119A2C7B1006E7330 /* Build configuration list for PBXProject "Instagram" */;
			compatibilityVersion = "Xcode 3.2";
			developmentRegion = English;
			hasScannedForEncodings = 0;
			knownRegions = (
				en,
				Base,
			);
			mainGroup = 967E7F2D19A2C7B1006E7330;
			productRefGroup = 967E7F3719A2C7B1006E7330 /* Products */;
			projectDirPath = "";
			projectRoot = "";
			targets = (
				967E7F3519A2C7B1006E7330 /* Instagram */,
				967E7F5619A2C7B1006E7330 /* InstagramTests */,
			);
		};
/* End PBXProject section */

/* Begin PBXResourcesBuildPhase section */
		967E7F3419A2C7B1006E7330 /* Resources */ = {
			isa = PBXResourcesBuildPhase;
			buildActionMask = 2147483647;
			files = (
				967E7F5219A2C7B1006E7330 /* Images.xcassets in Resources */,
				967E7F4419A2C7B1006E7330 /* InfoPlist.strings in Resources */,
				967E7F4D19A2C7B1006E7330 /* Main.storyboard in Resources */,
			);
			runOnlyForDeploymentPostprocessing = 0;
		};
		967E7F5519A2C7B1006E7330 /* Resources */ = {
			isa = PBXResourcesBuildPhase;
			buildActionMask = 2147483647;
			files = (
				967E7F6319A2C7B1006E7330 /* InfoPlist.strings in Resources */,
			);
			runOnlyForDeploymentPostprocessing = 0;
		};
/* End PBXResourcesBuildPhase section */

/* Begin PBXSourcesBuildPhase section */
		967E7F3219A2C7B1006E7330 /* Sources */ = {
			isa = PBXSourcesBuildPhase;
			buildActionMask = 2147483647;
			files = (
				96A6F4FA19A2F7BD007EEC74 /* LoginViewController.m in Sources */,
				967E7F5019A2C7B1006E7330 /* ViewController.m in Sources */,
				967E7F4A19A2C7B1006E7330 /* AppDelegate.m in Sources */,
				967E7F4619A2C7B1006E7330 /* main.m in Sources */,
			);
			runOnlyForDeploymentPostprocessing = 0;
		};
		967E7F5319A2C7B1006E7330 /* Sources */ = {
			isa = PBXSourcesBuildPhase;
			buildActionMask = 2147483647;
			files = (
				967E7F6519A2C7B1006E7330 /* InstagramTests.m in Sources */,
			);
			runOnlyForDeploymentPostprocessing = 0;
		};
/* End PBXSourcesBuildPhase section */

/* Begin PBXTargetDependency section */
		967E7F5D19A2C7B1006E7330 /* PBXTargetDependency */ = {
			isa = PBXTargetDependency;
			target = 967E7F3519A2C7B1006E7330 /* Instagram */;
			targetProxy = 967E7F5C19A2C7B1006E7330 /* PBXContainerItemProxy */;
		};
/* End PBXTargetDependency section */

/* Begin PBXVariantGroup section */
		967E7F4219A2C7B1006E7330 /* InfoPlist.strings */ = {
			isa = PBXVariantGroup;
			children = (
				967E7F4319A2C7B1006E7330 /* en */,
			);
			name = InfoPlist.strings;
			sourceTree = "<group>";
		};
		967E7F4B19A2C7B1006E7330 /* Main.storyboard */ = {
			isa = PBXVariantGroup;
			children = (
				967E7F4C19A2C7B1006E7330 /* Base */,
			);
			name = Main.storyboard;
			sourceTree = "<group>";
		};
		967E7F6119A2C7B1006E7330 /* InfoPlist.strings */ = {
			isa = PBXVariantGroup;
			children = (
				967E7F6219A2C7B1006E7330 /* en */,
			);
			name = InfoPlist.strings;
			sourceTree = "<group>";
		};
/* End PBXVariantGroup section */

/* Begin XCBuildConfiguration section */
		967E7F6619A2C7B1006E7330 /* Debug */ = {
			isa = XCBuildConfiguration;
			buildSettings = {
				ALWAYS_SEARCH_USER_PATHS = NO;
				CLANG_CXX_LANGUAGE_STANDARD = "gnu++0x";
				CLANG_CXX_LIBRARY = "libc++";
				CLANG_ENABLE_MODULES = YES;
				CLANG_ENABLE_OBJC_ARC = YES;
				CLANG_WARN_BOOL_CONVERSION = YES;
				CLANG_WARN_CONSTANT_CONVERSION = YES;
				CLANG_WARN_DIRECT_OBJC_ISA_USAGE = YES_ERROR;
				CLANG_WARN_EMPTY_BODY = YES;
				CLANG_WARN_ENUM_CONVERSION = YES;
				CLANG_WARN_INT_CONVERSION = YES;
				CLANG_WARN_OBJC_ROOT_CLASS = YES_ERROR;
				CLANG_WARN__DUPLICATE_METHOD_MATCH = YES;
				"CODE_SIGN_IDENTITY[sdk=iphoneos*]" = "iPhone Developer";
				COPY_PHASE_STRIP = NO;
				GCC_C_LANGUAGE_STANDARD = gnu99;
				GCC_DYNAMIC_NO_PIC = NO;
				GCC_OPTIMIZATION_LEVEL = 0;
				GCC_PREPROCESSOR_DEFINITIONS = (
					"DEBUG=1",
					"$(inherited)",
				);
				GCC_SYMBOLS_PRIVATE_EXTERN = NO;
				GCC_WARN_64_TO_32_BIT_CONVERSION = YES;
				GCC_WARN_ABOUT_RETURN_TYPE = YES_ERROR;
				GCC_WARN_UNDECLARED_SELECTOR = YES;
				GCC_WARN_UNINITIALIZED_AUTOS = YES_AGGRESSIVE;
				GCC_WARN_UNUSED_FUNCTION = YES;
				GCC_WARN_UNUSED_VARIABLE = YES;
				IPHONEOS_DEPLOYMENT_TARGET = 7.1;
				ONLY_ACTIVE_ARCH = YES;
				SDKROOT = iphoneos;
			};
			name = Debug;
		};
		967E7F6719A2C7B1006E7330 /* Release */ = {
			isa = XCBuildConfiguration;
			buildSettings = {
				ALWAYS_SEARCH_USER_PATHS = NO;
				CLANG_CXX_LANGUAGE_STANDARD = "gnu++0x";
				CLANG_CXX_LIBRARY = "libc++";
				CLANG_ENABLE_MODULES = YES;
				CLANG_ENABLE_OBJC_ARC = YES;
				CLANG_WARN_BOOL_CONVERSION = YES;
				CLANG_WARN_CONSTANT_CONVERSION = YES;
				CLANG_WARN_DIRECT_OBJC_ISA_USAGE = YES_ERROR;
				CLANG_WARN_EMPTY_BODY = YES;
				CLANG_WARN_ENUM_CONVERSION = YES;
				CLANG_WARN_INT_CONVERSION = YES;
				CLANG_WARN_OBJC_ROOT_CLASS = YES_ERROR;
				CLANG_WARN__DUPLICATE_METHOD_MATCH = YES;
				"CODE_SIGN_IDENTITY[sdk=iphoneos*]" = "iPhone Developer";
				COPY_PHASE_STRIP = YES;
				ENABLE_NS_ASSERTIONS = NO;
				GCC_C_LANGUAGE_STANDARD = gnu99;
				GCC_WARN_64_TO_32_BIT_CONVERSION = YES;
				GCC_WARN_ABOUT_RETURN_TYPE = YES_ERROR;
				GCC_WARN_UNDECLARED_SELECTOR = YES;
				GCC_WARN_UNINITIALIZED_AUTOS = YES_AGGRESSIVE;
				GCC_WARN_UNUSED_FUNCTION = YES;
				GCC_WARN_UNUSED_VARIABLE = YES;
				IPHONEOS_DEPLOYMENT_TARGET = 7.1;
				SDKROOT = iphoneos;
				VALIDATE_PRODUCT = YES;
			};
			name = Release;
		};
		967E7F6919A2C7B1006E7330 /* Debug */ = {
			isa = XCBuildConfiguration;
			buildSettings = {
				ASSETCATALOG_COMPILER_APPICON_NAME = AppIcon;
				ASSETCATALOG_COMPILER_LAUNCHIMAGE_NAME = LaunchImage;
				FRAMEWORK_SEARCH_PATHS = (
					"$(inherited)",
					"$(PROJECT_DIR)/Instagram",
				);
				GCC_PRECOMPILE_PREFIX_HEADER = YES;
				GCC_PREFIX_HEADER = "Instagram/Instagram-Prefix.pch";
				INFOPLIST_FILE = "Instagram/Instagram-Info.plist";
				PRODUCT_NAME = "$(TARGET_NAME)";
				WRAPPER_EXTENSION = app;
			};
			name = Debug;
		};
		967E7F6A19A2C7B1006E7330 /* Release */ = {
			isa = XCBuildConfiguration;
			buildSettings = {
				ASSETCATALOG_COMPILER_APPICON_NAME = AppIcon;
				ASSETCATALOG_COMPILER_LAUNCHIMAGE_NAME = LaunchImage;
				FRAMEWORK_SEARCH_PATHS = (
					"$(inherited)",
					"$(PROJECT_DIR)/Instagram",
				);
				GCC_PRECOMPILE_PREFIX_HEADER = YES;
				GCC_PREFIX_HEADER = "Instagram/Instagram-Prefix.pch";
				INFOPLIST_FILE = "Instagram/Instagram-Info.plist";
				PRODUCT_NAME = "$(TARGET_NAME)";
				WRAPPER_EXTENSION = app;
			};
			name = Release;
		};
		967E7F6C19A2C7B1006E7330 /* Debug */ = {
			isa = XCBuildConfiguration;
			buildSettings = {
				BUNDLE_LOADER = "$(BUILT_PRODUCTS_DIR)/Instagram.app/Instagram";
				FRAMEWORK_SEARCH_PATHS = (
					"$(SDKROOT)/Developer/Library/Frameworks",
					"$(inherited)",
					"$(DEVELOPER_FRAMEWORKS_DIR)",
				);
				GCC_PRECOMPILE_PREFIX_HEADER = YES;
				GCC_PREFIX_HEADER = "Instagram/Instagram-Prefix.pch";
				GCC_PREPROCESSOR_DEFINITIONS = (
					"DEBUG=1",
					"$(inherited)",
				);
				INFOPLIST_FILE = "InstagramTests/InstagramTests-Info.plist";
				PRODUCT_NAME = "$(TARGET_NAME)";
				TEST_HOST = "$(BUNDLE_LOADER)";
				WRAPPER_EXTENSION = xctest;
			};
			name = Debug;
		};
		967E7F6D19A2C7B1006E7330 /* Release */ = {
			isa = XCBuildConfiguration;
			buildSettings = {
				BUNDLE_LOADER = "$(BUILT_PRODUCTS_DIR)/Instagram.app/Instagram";
				FRAMEWORK_SEARCH_PATHS = (
					"$(SDKROOT)/Developer/Library/Frameworks",
					"$(inherited)",
					"$(DEVELOPER_FRAMEWORKS_DIR)",
				);
				GCC_PRECOMPILE_PREFIX_HEADER = YES;
				GCC_PREFIX_HEADER = "Instagram/Instagram-Prefix.pch";
				INFOPLIST_FILE = "InstagramTests/InstagramTests-Info.plist";
				PRODUCT_NAME = "$(TARGET_NAME)";
				TEST_HOST = "$(BUNDLE_LOADER)";
				WRAPPER_EXTENSION = xctest;
			};
			name = Release;
		};
/* End XCBuildConfiguration section */

/* Begin XCConfigurationList section */
		967E7F3119A2C7B1006E7330 /* Build configuration list for PBXProject "Instagram" */ = {
			isa = XCConfigurationList;
			buildConfigurations = (
				967E7F6619A2C7B1006E7330 /* Debug */,
				967E7F6719A2C7B1006E7330 /* Release */,
			);
			defaultConfigurationIsVisible = 0;
			defaultConfigurationName = Release;
		};
		967E7F6819A2C7B1006E7330 /* Build configuration list for PBXNativeTarget "Instagram" */ = {
			isa = XCConfigurationList;
			buildConfigurations = (
				967E7F6919A2C7B1006E7330 /* Debug */,
				967E7F6A19A2C7B1006E7330 /* Release */,
			);
			defaultConfigurationIsVisible = 0;
			defaultConfigurationName = Release;
		};
		967E7F6B19A2C7B1006E7330 /* Build configuration list for PBXNativeTarget "InstagramTests" */ = {
			isa = XCConfigurationList;
			buildConfigurations = (
				967E7F6C19A2C7B1006E7330 /* Debug */,
				967E7F6D19A2C7B1006E7330 /* Release */,
			);
			defaultConfigurationIsVisible = 0;
			defaultConfigurationName = Release;
		};
/* End XCConfigurationList section */
	};
	rootObject = 967E7F2E19A2C7B1006E7330 /* Project object */;
}
